{
  "name": "golem-scala-example",
  "lockfileVersion": 3,
  "requires": true,
  "packages": {
    "": {
      "devDependencies": {
        "@golemcloud/componentize-js": "file:/Users/vigoo/projects/ziverge/ComponentizeJS",
        "@golemcloud/jco": "file:/Users/vigoo/projects/ziverge/jco"
      }
    },
    "../../../ComponentizeJS": {
      "name": "@golemcloud/componentize-js",
      "version": "0.10.5-golem.2",
      "dev": true,
      "workspaces": [
        "."
      ],
      "dependencies": {
        "@bytecodealliance/wizer": "^7.0.4",
        "@golemcloud/jco": "file:/Users/vigoo/projects/ziverge/jco",
        "es-module-lexer": "^1.5.4"
      },
      "devDependencies": {
        "@bytecodealliance/preview2-shim": "^0.16.5",
        "mocha": "^10.2.0"
      }
    },
    "../../../jco": {
      "name": "@golemcloud/jco",
      "version": "1.4.4-golem.1",
      "dev": true,
      "license": "(Apache-2.0 WITH LLVM-exception)",
      "workspaces": [
        "packages/preview2-shim"
      ],
      "dependencies": {
        "@bytecodealliance/preview2-shim": "^0.16.5",
        "binaryen": "^118.0.0",
        "chalk-template": "^1",
        "commander": "^12",
        "mkdirp": "^3",
        "ora": "^8",
        "terser": "^5"
      },
      "bin": {
        "jco": "src/jco.js"
      },
      "devDependencies": {
        "@golemcloud/componentize-js": "file:/Users/vigoo/projects/ziverge/ComponentizeJS",
        "@types/node": "^20.14.12",
        "@typescript-eslint/eslint-plugin": "^8.2.0",
        "@typescript-eslint/parser": "^8.2.0",
        "eslint": "^9.9.0",
        "mime": "^4.0.4",
        "mocha": "^10.7.0",
        "puppeteer": "^22.14.0",
        "typescript": "^5.5.4"
      }
    },
    "node_modules/@golemcloud/componentize-js": {
      "resolved": "../../../ComponentizeJS",
      "link": true
    },
    "node_modules/@golemcloud/jco": {
      "resolved": "../../../jco",
      "link": true
    }
  }
}
